{
  "name": "drachtio-3pcc-bug",
  "version": "1.0.0",
  "lockfileVersion": 3,
  "requires": true,
  "packages": {
    "": {
      "name": "drachtio-3pcc-bug",
      "version": "1.0.0",
      "license": "ISC",
      "dependencies": {
        "drachtio-srf": "^5.0.0"
      }
    },
    "node_modules/any-base": {
      "version": "1.1.0",
      "resolved": "https://registry.npmjs.org/any-base/-/any-base-1.1.0.tgz",
      "integrity": "sha512-uMgjozySS8adZZYePpaWs8cxB9/kdzmpX6SgJZ+wbz1K5eYk5QMYDVJaZKhxyIHUdnnJkfR7SVgStgH7LkGUyg=="
    },
    "node_modules/debug": {
      "version": "3.2.7",
      "resolved": "https://registry.npmjs.org/debug/-/debug-3.2.7.tgz",
      "integrity": "sha512-CFjzYYAi4ThfiQvizrFQevTTXHtnCqWfe7x1AhgEscTz6ZbLbfoLRLPugTQyBth6f8ZERVUSyWHFD/7Wu4t1XQ==",
      "dependencies": {
        "ms": "^2.1.1"
      }
    },
    "node_modules/delegates": {
      "version": "0.1.0",
      "resolved": "https://registry.npmjs.org/delegates/-/delegates-0.1.0.tgz",
      "integrity": "sha512-tPYr58xmVlUWcL8zPk6ZAxP6XqiYx5IIn395dkeER12JmMy8P6ipGKnUvgD++g8+uCaALfs/CRERixvKBu1pow=="
    },
    "node_modules/drachtio-srf": {
      "version": "5.0.0",
      "resolved": "https://registry.npmjs.org/drachtio-srf/-/drachtio-srf-5.0.0.tgz",
      "integrity": "sha512-Kq0YC5n2EOI9/dF+/s9mnfvJPMYvnv9i8mCh4VqhNDolBrkWMKw1/4H11LUOycC13XpXh0dxfNBQf9sr9upS3g==",
      "dependencies": {
        "debug": "^3.2.7",
        "delegates": "^0.1.0",
        "node-noop": "^0.0.1",
        "only": "^0.0.2",
        "sdp-transform": "^2.14.1",
        "short-uuid": "^4.2.2",
        "sip-methods": "^0.3.0",
        "sip-status": "^0.1.0",
        "utils-merge": "^1.0.0",
        "uuid-random": "^1.3.2"
      },
      "engines": {
        "node": ">= 10.x"
      }
    },
    "node_modules/ms": {
      "version": "2.1.3",
      "resolved": "https://registry.npmjs.org/ms/-/ms-2.1.3.tgz",
      "integrity": "sha512-6FlzubTLZG3J2a/NVCAleEhjzq5oxgHyaCU9yYXvcLsvoVaHJq/s5xXI6/XXP6tz7R9xAOtHnSO/tXtF3WRTlA=="
    },
    "node_modules/node-noop": {
      "version": "0.0.1",
      "resolved": "https://registry.npmjs.org/node-noop/-/node-noop-0.0.1.tgz",
      "integrity": "sha512-kAUvIRxZyDYFTLqGj+7zqXduG89vtqGmNMt9qDMvYH3H8uNTCOTz5ZN1q2Yg8++fWbzv+ERtYVqaOH42Ag5OpA=="
    },
    "node_modules/only": {
      "version": "0.0.2",
      "resolved": "https://registry.npmjs.org/only/-/only-0.0.2.tgz",
      "integrity": "sha512-Fvw+Jemq5fjjyWz6CpKx6w9s7xxqo3+JCyM0WXWeCSOboZ8ABkyvP8ID4CZuChA/wxSx+XSJmdOm8rGVyJ1hdQ=="
    },
    "node_modules/sdp-transform": {
      "version": "2.14.2",
      "resolved": "https://registry.npmjs.org/sdp-transform/-/sdp-transform-2.14.2.tgz",
      "integrity": "sha512-icY6jVao7MfKCieyo1AyxFYm1baiM+fA00qW/KrNNVlkxHAd34riEKuEkUe4bBb3gJwLJZM+xT60Yj1QL8rHiA==",
      "bin": {
        "sdp-verify": "checker.js"
      }
    },
    "node_modules/short-uuid": {
      "version": "4.2.2",
      "resolved": "https://registry.npmjs.org/short-uuid/-/short-uuid-4.2.2.tgz",
      "integrity": "sha512-IE7hDSGV2U/VZoCsjctKX6l5t5ak2jE0+aeGJi3KtvjIUNuZVmHVYUjNBhmo369FIWGDtaieRaO8A83Lvwfpqw==",
      "dependencies": {
        "any-base": "^1.1.0",
        "uuid": "^8.3.2"
      },
      "engines": {
        "node": ">=8"
      }
    },
    "node_modules/sip-methods": {
      "version": "0.3.0",
      "resolved": "https://registry.npmjs.org/sip-methods/-/sip-methods-0.3.0.tgz",
      "integrity": "sha512-jC7XdSJtscw/LgcuWbGwhSj0DeNPAh06rqPDf7BBicANJi/vG1ghpaPYE+BhW5DBvzYhmcjoA+BXhwChVpRCUA=="
    },
    "node_modules/sip-status": {
      "version": "0.1.0",
      "resolved": "https://registry.npmjs.org/sip-status/-/sip-status-0.1.0.tgz",
      "integrity": "sha512-2ZyuFMcqYYLsetLcPwUymg4mx5uciE5z5Mr8EJMvF+P0jIW1+plmgkMvZpdlj9uAQqzGqWIa/sFDGPJlkCmigQ=="
    },
    "node_modules/utils-merge": {
      "version": "1.0.1",
      "resolved": "https://registry.npmjs.org/utils-merge/-/utils-merge-1.0.1.tgz",
      "integrity": "sha512-pMZTvIkT1d+TFGvDOqodOclx0QWkkgi6Tdoa8gC8ffGAAqz9pzPTZWAybbsHHoED/ztMtkv/VoYTYyShUn81hA==",
      "engines": {
        "node": ">= 0.4.0"
      }
    },
    "node_modules/uuid": {
      "version": "8.3.2",
      "resolved": "https://registry.npmjs.org/uuid/-/uuid-8.3.2.tgz",
      "integrity": "sha512-+NYs2QeMWy+GWFOEm9xnn6HCDp0l7QBD7ml8zLUmJ+93Q5NF0NocErnwkTkXVFNiX3/fpC6afS8Dhb/gz7R7eg==",
      "bin": {
        "uuid": "dist/bin/uuid"
      }
    },
    "node_modules/uuid-random": {
      "version": "1.3.2",
      "resolved": "https://registry.npmjs.org/uuid-random/-/uuid-random-1.3.2.tgz",
      "integrity": "sha512-UOzej0Le/UgkbWEO8flm+0y+G+ljUon1QWTEZOq1rnMAsxo2+SckbiZdKzAHHlVh6gJqI1TjC/xwgR50MuCrBQ=="
    }
  }
}
